
Microsoft Visual Studio Solution File, Format Version 12.00
# Visual Studio Version 17
VisualStudioVersion = 17.7.34031.279
MinimumVisualStudioVersion = 10.0.40219.1
Project("{8BC9CEB8-8B4A-11D0-8D11-00A0C91BC942}") = "Seminar 8 -SDD", "Seminar 8 -SDD\Seminar 8 -SDD.vcxproj", "{1FEEFB67-0C16-4A11-A118-ED763463C686}"
EndProject
Global
	GlobalSection(SolutionConfigurationPlatforms) = preSolution
		Debug|x64 = Debug|x64
		Debug|x86 = Debug|x86
		Release|x64 = Release|x64
		Release|x86 = Release|x86
	EndGlobalSection
	GlobalSection(ProjectConfigurationPlatforms) = postSolution
		{1FEEFB67-0C16-4A11-A118-ED763463C686}.Debug|x64.ActiveCfg = Debug|x64
		{1FEEFB67-0C16-4A11-A118-ED763463C686}.Debug|x64.Build.0 = Debug|x64
		{1FEEFB67-0C16-4A11-A118-ED763463C686}.Debug|x86.ActiveCfg = Debug|Win32
		{1FEEFB67-0C16-4A11-A118-ED763463C686}.Debug|x86.Build.0 = Debug|Win32
		{1FEEFB67-0C16-4A11-A118-ED763463C686}.Release|x64.ActiveCfg = Release|x64
		{1FEEFB67-0C16-4A11-A118-ED763463C686}.Release|x64.Build.0 = Release|x64
		{1FEEFB67-0C16-4A11-A118-ED763463C686}.Release|x86.ActiveCfg = Release|Win32
		{1FEEFB67-0C16-4A11-A118-ED763463C686}.Release|x86.Build.0 = Release|Win32
	EndGlobalSection
	GlobalSection(SolutionProperties) = preSolution
		HideSolutionNode = FALSE
	EndGlobalSection
	GlobalSection(ExtensibilityGlobals) = postSolution
		SolutionGuid = {2D14CE95-B688-4A84-B0AC-AD8B997DFB8F}
	EndGlobalSection
EndGlobal
